{
  "name": "RPI-EventHub",
  "lockfileVersion": 3,
  "requires": true,
  "packages": {
    "": {
      "dependencies": {
        "grep": "^0.1.0",
        "react-ga4": "^2.1.0",
        "sed": "^0.0.2"
      }
    },
    "node_modules/any-promise": {
      "version": "1.3.0",
      "resolved": "https://registry.npmjs.org/any-promise/-/any-promise-1.3.0.tgz",
      "integrity": "sha512-7UvmKalWRt1wgjL1RrGxoSJW/0QZFIegpeGvZG9kjp8vrRu55XTHbwnqq2GpXm9uLbcuhxm3IqX9OB4MZR1b2A==",
      "license": "MIT"
    },
    "node_modules/assert-plus": {
      "version": "1.0.0",
      "resolved": "https://registry.npmjs.org/assert-plus/-/assert-plus-1.0.0.tgz",
      "integrity": "sha512-NfJ4UzBCcQGLDlQq7nHxH+tv3kyZ0hHQqF5BO6J7tNJeP5do1llPr8dZ8zHonfhAu0PHAdMkSo+8o0wxg9lZWw==",
      "license": "MIT",
      "engines": {
        "node": ">=0.8"
      }
    },
    "node_modules/core-util-is": {
      "version": "1.0.3",
      "resolved": "https://registry.npmjs.org/core-util-is/-/core-util-is-1.0.3.tgz",
      "integrity": "sha512-ZQBvi1DcpJ4GDqanjucZ2Hj3wEO5pZDS89BWbkcrvdxksJorwUDDZamX9ldFkp9aw2lmBDLgkObEA4DWNJ9FYQ==",
      "license": "MIT"
    },
    "node_modules/duplexify": {
      "version": "4.1.3",
      "resolved": "https://registry.npmjs.org/duplexify/-/duplexify-4.1.3.tgz",
      "integrity": "sha512-M3BmBhwJRZsSx38lZyhE53Csddgzl5R7xGJNk7CVddZD6CcmwMCH8J+7AprIrQKH7TonKxaCjcv27Qmf+sQ+oA==",
      "license": "MIT",
      "dependencies": {
        "end-of-stream": "^1.4.1",
        "inherits": "^2.0.3",
        "readable-stream": "^3.1.1",
        "stream-shift": "^1.0.2"
      }
    },
    "node_modules/duplexify/node_modules/readable-stream": {
      "version": "3.6.2",
      "resolved": "https://registry.npmjs.org/readable-stream/-/readable-stream-3.6.2.tgz",
      "integrity": "sha512-9u/sniCrY3D5WdsERHzHE4G2YCXqoG5FTHUiCC4SIbr6XcLZBY05ya9EKjYek9O5xOAwjGq+1JdGBAS7Q9ScoA==",
      "license": "MIT",
      "dependencies": {
        "inherits": "^2.0.3",
        "string_decoder": "^1.1.1",
        "util-deprecate": "^1.0.1"
      },
      "engines": {
        "node": ">= 6"
      }
    },
    "node_modules/end-of-stream": {
      "version": "1.4.4",
      "resolved": "https://registry.npmjs.org/end-of-stream/-/end-of-stream-1.4.4.tgz",
      "integrity": "sha512-+uw1inIHVPQoaVuHzRyXd21icM+cnt4CzD5rW+NC1wjOUSTOs+Te7FOv7AhN7vS9x/oIyhLP5PR1H+phQAHu5Q==",
      "license": "MIT",
      "dependencies": {
        "once": "^1.4.0"
      }
    },
    "node_modules/end-of-stream-promise": {
      "version": "1.0.0",
      "resolved": "https://registry.npmjs.org/end-of-stream-promise/-/end-of-stream-promise-1.0.0.tgz",
      "integrity": "sha512-1u3Geul15xPtCiZFZibKWulA6pMecvPO+cvejugP36fGviKdcKydXzHMLqjZgt+N+DO+ifcKVUYcmg7IxlgpBg==",
      "license": "MIT",
      "dependencies": {
        "end-of-stream": "^1.4.4"
      }
    },
    "node_modules/esm": {
      "version": "3.2.25",
      "resolved": "https://registry.npmjs.org/esm/-/esm-3.2.25.tgz",
      "integrity": "sha512-U1suiZ2oDVWv4zPO56S0NcR5QriEahGtdN2OR6FiOG4WJvcjBVFB0qI4+eKoWFH483PKGuLuu6V8Z4T5g63UVA==",
      "license": "MIT",
      "engines": {
        "node": ">=6"
      }
    },
    "node_modules/esmod-pmb": {
      "version": "0.1.13",
      "resolved": "https://registry.npmjs.org/esmod-pmb/-/esmod-pmb-0.1.13.tgz",
      "integrity": "sha512-S5P3ON7uRu6vRg+IwNNvlNxIkHpy9B6MfpBoQIWEu0tuYh0SAJbUT5G8EUj5LBZ8J1sCzFzj+p/AFdxOIKoQ7g==",
      "license": "ISC",
      "dependencies": {
        "esm": "^3.2.25"
      }
    },
    "node_modules/extsprintf": {
      "version": "1.4.1",
      "resolved": "https://registry.npmjs.org/extsprintf/-/extsprintf-1.4.1.tgz",
      "integrity": "sha512-Wrk35e8ydCKDj/ArClo1VrPVmN8zph5V4AtHwIuHhvMXsKf73UT3BOD+azBIW+3wOJ4FhEH7zyaJCFvChjYvMA==",
      "engines": [
        "node >=0.6.0"
      ],
      "license": "MIT"
    },
    "node_modules/from2": {
      "version": "2.3.0",
      "resolved": "https://registry.npmjs.org/from2/-/from2-2.3.0.tgz",
      "integrity": "sha512-OMcX/4IC/uqEPVgGeyfN22LJk6AZrMkRZHxcHBMBvHScDGgwTm2GT2Wkgtocyd3JfZffjj2kYUDXXII0Fk9W0g==",
      "license": "MIT",
      "dependencies": {
        "inherits": "^2.0.1",
        "readable-stream": "^2.0.0"
      }
    },
    "node_modules/getown": {
      "version": "1.0.0",
      "resolved": "https://registry.npmjs.org/getown/-/getown-1.0.0.tgz",
      "integrity": "sha512-v5nyVT8vfWresAhgEgWJGDD5kivjsN2Ae01Eq3jtEKRsibN3/w9IslSEU8UyrVZfePeT9QqKL5ikN7NMYqF2BQ==",
      "license": "ISC"
    },
    "node_modules/grep": {
      "version": "0.1.0",
      "resolved": "https://registry.npmjs.org/grep/-/grep-0.1.0.tgz",
      "integrity": "sha512-UNl3aKmGpK1Jocger8XN3hNt1gghfEOtlNbTFSVOEa5cNae2OJdG93n4m8d84pOUlIirefuaSF9qYHj0RIfBMA==",
      "engines": {
        "node": ">= 0.6.x"
      }
    },
    "node_modules/inherits": {
      "version": "2.0.4",
      "resolved": "https://registry.npmjs.org/inherits/-/inherits-2.0.4.tgz",
      "integrity": "sha512-k/vGaX4/Yla3WzyMCvTQOXYeIHvqOKtnqBduzTHpzpQZzAskKMhZ2K+EnBiSM9zGSoIFeMpXKxa4dYeZIQqewQ==",
      "license": "ISC"
    },
    "node_modules/into-stream": {
      "version": "5.1.1",
      "resolved": "https://registry.npmjs.org/into-stream/-/into-stream-5.1.1.tgz",
      "integrity": "sha512-krrAJ7McQxGGmvaYbB7Q1mcA+cRwg9Ij2RfWIeVesNBgVDZmzY/Fa4IpZUT3bmdRzMzdf/mzltCG2Dq99IZGBA==",
      "license": "MIT",
      "dependencies": {
        "from2": "^2.3.0",
        "p-is-promise": "^3.0.0"
      },
      "engines": {
        "node": ">=8"
      }
    },
    "node_modules/isarray": {
      "version": "1.0.0",
      "resolved": "https://registry.npmjs.org/isarray/-/isarray-1.0.0.tgz",
      "integrity": "sha512-VLghIWNM6ELQzo7zwmcg0NmTVyWKYjvIeM83yjp0wRDTmUnrM678fQbcKBo6n2CJEF0szoG//ytg+TKla89ALQ==",
      "license": "MIT"
    },
    "node_modules/next-chunk": {
      "version": "1.0.2",
      "resolved": "https://registry.npmjs.org/next-chunk/-/next-chunk-1.0.2.tgz",
      "integrity": "sha512-yEuSZR6Ln+T7KGRiYeDTZC0TE/jxxvjsrL0G4Czf43rfmQ8DNS0xzCbllYYwKT1t2inA/RYRh5slTfTDpblL8Q==",
      "license": "MIT"
    },
    "node_modules/once": {
      "version": "1.4.0",
      "resolved": "https://registry.npmjs.org/once/-/once-1.4.0.tgz",
      "integrity": "sha512-lNaJgI+2Q5URQBkccEKHTQOPaXdUxnZZElQTZY0MFUAuaEqe1E+Nyvgdz/aIyNi6Z9MzO5dv1H8n58/GELp3+w==",
      "license": "ISC",
      "dependencies": {
        "wrappy": "1"
      }
    },
    "node_modules/p-fatal": {
      "version": "0.1.5",
      "resolved": "https://registry.npmjs.org/p-fatal/-/p-fatal-0.1.5.tgz",
      "integrity": "sha512-Nzb4sfGqY1QRR6TbfHhmQeV9ElWaZ59d2SC435VyG3u7MVjnHApZGFpBmEJqVubqTEs63mnw7zgoNg/OOR5KRg==",
      "license": "ISC",
      "engines": {
        "node": ">=16.0.0",
        "npm": ">=7.0.0"
      }
    },
    "node_modules/p-is-promise": {
      "version": "3.0.0",
      "resolved": "https://registry.npmjs.org/p-is-promise/-/p-is-promise-3.0.0.tgz",
      "integrity": "sha512-Wo8VsW4IRQSKVXsJCn7TomUaVtyfjVDn3nUP7kE967BQk0CwFpdbZs0X0uk5sW9mkBa9eNM7hCMaG93WUAwxYQ==",
      "license": "MIT",
      "engines": {
        "node": ">=8"
      }
    },
    "node_modules/p-read-next-stream-chunk": {
      "version": "0.1.3",
      "resolved": "https://registry.npmjs.org/p-read-next-stream-chunk/-/p-read-next-stream-chunk-0.1.3.tgz",
      "integrity": "sha512-HfFttvYz7arPfhqS6Yj5tCv5XUy8TgXd+yIb5QxPgS/uc3ajtQLth7wyJxeTTI1VSyStOeLHpI7u6vkvp+pr1w==",
      "license": "ISC",
      "dependencies": {
        "next-chunk": "^1.0.2"
      }
    },
    "node_modules/process-nextick-args": {
      "version": "2.0.1",
      "resolved": "https://registry.npmjs.org/process-nextick-args/-/process-nextick-args-2.0.1.tgz",
      "integrity": "sha512-3ouUOpQhtgrbOa17J7+uxOTpITYWaGP7/AhoR3+A+/1e9skrzelGi/dXzEYyvbxubEF6Wn2ypscTKiKJFFn1ag==",
      "license": "MIT"
    },
    "node_modules/pump": {
      "version": "3.0.2",
      "resolved": "https://registry.npmjs.org/pump/-/pump-3.0.2.tgz",
      "integrity": "sha512-tUPXtzlGM8FE3P0ZL6DVs/3P58k9nk8/jZeQCurTJylQA8qFYzHFfhBJkuqyE0FifOsQ0uKWekiZ5g8wtr28cw==",
      "license": "MIT",
      "dependencies": {
        "end-of-stream": "^1.1.0",
        "once": "^1.3.1"
      }
    },
    "node_modules/pumpify": {
      "version": "2.0.1",
      "resolved": "https://registry.npmjs.org/pumpify/-/pumpify-2.0.1.tgz",
      "integrity": "sha512-m7KOje7jZxrmutanlkS1daj1dS6z6BgslzOXmcSEpIlCxM3VJH7lG5QLeck/6hgF6F4crFf01UtQmNsJfweTAw==",
      "license": "MIT",
      "dependencies": {
        "duplexify": "^4.1.1",
        "inherits": "^2.0.3",
        "pump": "^3.0.0"
      }
    },
    "node_modules/react-ga4": {
      "version": "2.1.0",
      "resolved": "https://registry.npmjs.org/react-ga4/-/react-ga4-2.1.0.tgz",
      "integrity": "sha512-ZKS7PGNFqqMd3PJ6+C2Jtz/o1iU9ggiy8Y8nUeksgVuvNISbmrQtJiZNvC/TjDsqD0QlU5Wkgs7i+w9+OjHhhQ==",
      "license": "MIT"
    },
    "node_modules/readable-stream": {
      "version": "2.3.8",
      "resolved": "https://registry.npmjs.org/readable-stream/-/readable-stream-2.3.8.tgz",
      "integrity": "sha512-8p0AUk4XODgIewSi0l8Epjs+EVnWiK7NoDIEGU0HhE7+ZyY8D1IMY7odu5lRrFXGg71L15KG8QrPmum45RTtdA==",
      "license": "MIT",
      "dependencies": {
        "core-util-is": "~1.0.0",
        "inherits": "~2.0.3",
        "isarray": "~1.0.0",
        "process-nextick-args": "~2.0.0",
        "safe-buffer": "~5.1.1",
        "string_decoder": "~1.1.1",
        "util-deprecate": "~1.0.1"
      }
    },
    "node_modules/safe-buffer": {
      "version": "5.1.2",
      "resolved": "https://registry.npmjs.org/safe-buffer/-/safe-buffer-5.1.2.tgz",
      "integrity": "sha512-Gd2UZBJDkXlY7GbJxfsE8/nvKkUEU1G38c1siN6QP6a9PT9MmHB8GnpscSmMJSoF8LOIrt8ud/wPtojys4G6+g==",
      "license": "MIT"
    },
    "node_modules/sed": {
      "version": "0.0.2",
      "resolved": "https://registry.npmjs.org/sed/-/sed-0.0.2.tgz",
      "integrity": "sha512-uNRjNRqmBhkO/cUWLWXOHmA4P9vw9vIjlfikLr0LBckaqPL41Gq74UxAC4WrYxnlHdHlJ4ql5lSM4WCTfdl4FQ==",
      "license": "ISC",
      "dependencies": {
        "end-of-stream-promise": "^1.0.0",
        "esmod-pmb": "^0.1.11",
        "getown": "^1.0.0",
        "into-stream": "^5.1.1",
        "p-fatal": "^0.1.3",
        "p-read-next-stream-chunk": "^0.1.3",
        "split-stream-lines-preserve-eol-pmb": "^0.1.1",
        "split-string-or-buffer-once-pmb": "^1.0.0",
        "through2-promise": "^1.1.2",
        "typechecks-pmb": "^0.200620.1",
        "vtry": "^1.0.5"
      },
      "bin": {
        "node-sed": "bin/node-sed.js"
      }
    },
    "node_modules/split-stream-lines-preserve-eol-pmb": {
      "version": "0.1.1",
      "resolved": "https://registry.npmjs.org/split-stream-lines-preserve-eol-pmb/-/split-stream-lines-preserve-eol-pmb-0.1.1.tgz",
      "integrity": "sha512-LbYQCHfs1FlPmzkWTNifJbsO3bhS/ZMhyMdgPdn+x+485X5K/0xaSmUCAiipegon4W+Ns2x/v/G52Ip/wS5Hew==",
      "license": "ISC",
      "dependencies": {
        "pumpify": "^2.0.1",
        "split2": "^3.1.1",
        "through2-promise": "^1.1.2"
      }
    },
    "node_modules/split-string-or-buffer-once-pmb": {
      "version": "1.0.0",
      "resolved": "https://registry.npmjs.org/split-string-or-buffer-once-pmb/-/split-string-or-buffer-once-pmb-1.0.0.tgz",
      "integrity": "sha512-uBItrN6B86JPSyNlnYXjdtonWMWsQQ7WTZzVArMBg0x41oW00XzuN2uoeJKsfZv1MNEZNmFAdSlrRMs8gLoQhQ==",
      "license": "ISC"
    },
    "node_modules/split2": {
      "version": "3.2.2",
      "resolved": "https://registry.npmjs.org/split2/-/split2-3.2.2.tgz",
      "integrity": "sha512-9NThjpgZnifTkJpzTZ7Eue85S49QwpNhZTq6GRJwObb6jnLFNGB7Qm73V5HewTROPyxD0C29xqmaI68bQtV+hg==",
      "license": "ISC",
      "dependencies": {
        "readable-stream": "^3.0.0"
      }
    },
    "node_modules/split2/node_modules/readable-stream": {
      "version": "3.6.2",
      "resolved": "https://registry.npmjs.org/readable-stream/-/readable-stream-3.6.2.tgz",
      "integrity": "sha512-9u/sniCrY3D5WdsERHzHE4G2YCXqoG5FTHUiCC4SIbr6XcLZBY05ya9EKjYek9O5xOAwjGq+1JdGBAS7Q9ScoA==",
      "license": "MIT",
      "dependencies": {
        "inherits": "^2.0.3",
        "string_decoder": "^1.1.1",
        "util-deprecate": "^1.0.1"
      },
      "engines": {
        "node": ">= 6"
      }
    },
    "node_modules/stream-shift": {
      "version": "1.0.3",
      "resolved": "https://registry.npmjs.org/stream-shift/-/stream-shift-1.0.3.tgz",
      "integrity": "sha512-76ORR0DO1o1hlKwTbi/DM3EXWGf3ZJYO8cXX5RJwnul2DEg2oyoZyjLNoQM8WsvZiFKCRfC1O0J7iCvie3RZmQ==",
      "license": "MIT"
    },
    "node_modules/string_decoder": {
      "version": "1.1.1",
      "resolved": "https://registry.npmjs.org/string_decoder/-/string_decoder-1.1.1.tgz",
      "integrity": "sha512-n/ShnvDi6FHbbVfviro+WojiFzv+s8MPMHBczVePfUpDJLwoLT0ht1l4YwBCbi8pJAveEEdnkHyPyTP/mzRfwg==",
      "license": "MIT",
      "dependencies": {
        "safe-buffer": "~5.1.0"
      }
    },
    "node_modules/through2": {
      "version": "3.0.2",
      "resolved": "https://registry.npmjs.org/through2/-/through2-3.0.2.tgz",
      "integrity": "sha512-enaDQ4MUyP2W6ZyT6EsMzqBPZaM/avg8iuo+l2d3QCs0J+6RaqkHV/2/lOwDTueBHeJ/2LG9lrLW3d5rWPucuQ==",
      "license": "MIT",
      "dependencies": {
        "inherits": "^2.0.4",
        "readable-stream": "2 || 3"
      }
    },
    "node_modules/through2-promise": {
      "version": "1.1.2",
      "resolved": "https://registry.npmjs.org/through2-promise/-/through2-promise-1.1.2.tgz",
      "integrity": "sha512-oGoryQhABSuWm5kviRSI22haTI0rjAuMsQ5fOQ+9E66HQ4vhYTs1DJo7TZAhv+gUlkOEcNtudKF7R4wpw7kbaQ==",
      "license": "ISC",
      "dependencies": {
        "any-promise": "^1.1.0",
        "through2": "^3.0.1",
        "xtend": "^4.0.1"
      }
    },
    "node_modules/typechecks-pmb": {
      "version": "0.200620.6",
      "resolved": "https://registry.npmjs.org/typechecks-pmb/-/typechecks-pmb-0.200620.6.tgz",
      "integrity": "sha512-tKahI6MkOOC0ba+BMPmyB7NR3zM7lOV2aDSR43FKPNbk41t8xz3Dy2uVFGIazn1BcAJvf8TbnWbujUXc6QUWCw==",
      "license": "ISC",
      "dependencies": {
        "getown": "^1.0.0"
      }
    },
    "node_modules/util-deprecate": {
      "version": "1.0.2",
      "resolved": "https://registry.npmjs.org/util-deprecate/-/util-deprecate-1.0.2.tgz",
      "integrity": "sha512-EPD5q1uXyFxJpCrLnCc1nHnq3gOa6DZBocAIiI2TaSCA7VCJ1UJDMagCzIkXNsUYfD1daK//LTEQ8xiIbrHtcw==",
      "license": "MIT"
    },
    "node_modules/verror": {
      "version": "1.10.1",
      "resolved": "https://registry.npmjs.org/verror/-/verror-1.10.1.tgz",
      "integrity": "sha512-veufcmxri4e3XSrT0xwfUR7kguIkaxBeosDg00yDWhk49wdwkSUrvvsm7nc75e1PUyvIeZj6nS8VQRYz2/S4Xg==",
      "license": "MIT",
      "dependencies": {
        "assert-plus": "^1.0.0",
        "core-util-is": "1.0.2",
        "extsprintf": "^1.2.0"
      },
      "engines": {
        "node": ">=0.6.0"
      }
    },
    "node_modules/verror/node_modules/core-util-is": {
      "version": "1.0.2",
      "resolved": "https://registry.npmjs.org/core-util-is/-/core-util-is-1.0.2.tgz",
      "integrity": "sha512-3lqz5YjWTYnW6dlDa5TLaTCcShfar1e40rmcJVwCBJC6mWlFuj0eCHIElmG1g5kyuJ/GD+8Wn4FFCcz4gJPfaQ==",
      "license": "MIT"
    },
    "node_modules/vtry": {
      "version": "1.0.9",
      "resolved": "https://registry.npmjs.org/vtry/-/vtry-1.0.9.tgz",
      "integrity": "sha512-GIueuXeB46jkdaMl/q98h7SjfBEoQM94ZtHXlD+4JEFc3qkcktLlgLn0wS+tXKcPA7G5Nptu7Ln56mcGdTV67A==",
      "license": "ISC",
      "dependencies": {
        "esmod-pmb": "^0.1.13",
        "verror": "^1.10.0"
      }
    },
    "node_modules/wrappy": {
      "version": "1.0.2",
      "resolved": "https://registry.npmjs.org/wrappy/-/wrappy-1.0.2.tgz",
      "integrity": "sha512-l4Sp/DRseor9wL6EvV2+TuQn63dMkPjZ/sp9XkghTEbV9KlPS1xUsZ3u7/IQO4wxtcFB4bgpQPRcR3QCvezPcQ==",
      "license": "ISC"
    },
    "node_modules/xtend": {
      "version": "4.0.2",
      "resolved": "https://registry.npmjs.org/xtend/-/xtend-4.0.2.tgz",
      "integrity": "sha512-LKYU1iAXJXUgAXn9URjiu+MWhyUXHsvfp7mcuYm9dSUKK0/CjtrUwFAxD82/mCWbtLsGjFIad0wIsod4zrTAEQ==",
      "license": "MIT",
      "engines": {
        "node": ">=0.4"
      }
    }
  }
}
